
Microsoft Visual Studio Solution File, Format Version 12.00
# Visual Studio Version 17
VisualStudioVersion = 17.7.34024.191
MinimumVisualStudioVersion = 10.0.40219.1
Project("{FAE04EC0-301F-11D3-BF4B-00C04F79EFBC}") = "Practice_Dictionar", "Practice_Dictionar\Practice_Dictionar.csproj", "{FE9404EA-BEE5-47DB-99A3-CE256057679A}"
EndProject
Project("{FAE04EC0-301F-11D3-BF4B-00C04F79EFBC}") = "Domain", "Domain\Domain.csproj", "{F42EB0F4-94BF-42F7-BFFA-F56BA9EE52D4}"
EndProject
Project("{FAE04EC0-301F-11D3-BF4B-00C04F79EFBC}") = "Service", "Service\Service.csproj", "{88BD0A95-994B-4A84-B347-0CD33F64CD1C}"
EndProject
Global
	GlobalSection(SolutionConfigurationPlatforms) = preSolution
		Debug|Any CPU = Debug|Any CPU
		Release|Any CPU = Release|Any CPU
	EndGlobalSection
	GlobalSection(ProjectConfigurationPlatforms) = postSolution
		{FE9404EA-BEE5-47DB-99A3-CE256057679A}.Debug|Any CPU.ActiveCfg = Debug|Any CPU
		{FE9404EA-BEE5-47DB-99A3-CE256057679A}.Debug|Any CPU.Build.0 = Debug|Any CPU
		{FE9404EA-BEE5-47DB-99A3-CE256057679A}.Release|Any CPU.ActiveCfg = Release|Any CPU
		{FE9404EA-BEE5-47DB-99A3-CE256057679A}.Release|Any CPU.Build.0 = Release|Any CPU
		{F42EB0F4-94BF-42F7-BFFA-F56BA9EE52D4}.Debug|Any CPU.ActiveCfg = Debug|Any CPU
		{F42EB0F4-94BF-42F7-BFFA-F56BA9EE52D4}.Debug|Any CPU.Build.0 = Debug|Any CPU
		{F42EB0F4-94BF-42F7-BFFA-F56BA9EE52D4}.Release|Any CPU.ActiveCfg = Release|Any CPU
		{F42EB0F4-94BF-42F7-BFFA-F56BA9EE52D4}.Release|Any CPU.Build.0 = Release|Any CPU
		{88BD0A95-994B-4A84-B347-0CD33F64CD1C}.Debug|Any CPU.ActiveCfg = Debug|Any CPU
		{88BD0A95-994B-4A84-B347-0CD33F64CD1C}.Debug|Any CPU.Build.0 = Debug|Any CPU
		{88BD0A95-994B-4A84-B347-0CD33F64CD1C}.Release|Any CPU.ActiveCfg = Release|Any CPU
		{88BD0A95-994B-4A84-B347-0CD33F64CD1C}.Release|Any CPU.Build.0 = Release|Any CPU
	EndGlobalSection
	GlobalSection(SolutionProperties) = preSolution
		HideSolutionNode = FALSE
	EndGlobalSection
	GlobalSection(ExtensibilityGlobals) = postSolution
		SolutionGuid = {C7B140D5-135B-4D89-862D-9B6C0EECFE21}
	EndGlobalSection
EndGlobal
